// !$*UTF8*$!
{
	archiveVersion = 1;
	classes = {
	};
	objectVersion = 77;
	objects = {

/* Begin PBXBuildFile section */
		07C250092F85E8B4006E42A8 /* Milepost in Frameworks */ = {isa = PBXBuildFile; productRef = 11F9E9A24E683CA8FA779714 /* Milepost */; };
		07C780CA2F7D6C3800C348DA /* AppIcon.icon in Resources */ = {isa = PBXBuildFile; fileRef = 07C780C92F7D6C3800C348DA /* AppIcon.icon */; };
/* End PBXBuildFile section */

/* Begin PBXContainerItemProxy section */
		07C7804D2F7D4E7C00C348DA /* PBXContainerItemProxy */ = {
			isa = PBXContainerItemProxy;
			containerPortal = 07C780372F7D4E7B00C348DA /* Project object */;
			proxyType = 1;
			remoteGlobalIDString = 07C7803E2F7D4E7B00C348DA;
			remoteInfo = CCMissionControl;
		};
/* End PBXContainerItemProxy section */

/* Begin PBXFileReference section */
		07C7803F2F7D4E7B00C348DA /* CCMissionControl.app */ = {isa = PBXFileReference; explicitFileType = wrapper.application; includeInIndex = 0; path = CCMissionControl.app; sourceTree = BUILT_PRODUCTS_DIR; };
		07C7804C2F7D4E7C00C348DA /* CCMissionControlTests.xctest */ = {isa = PBXFileReference; explicitFileType = wrapper.cfbundle; includeInIndex = 0; path = CCMissionControlTests.xctest; sourceTree = BUILT_PRODUCTS_DIR; };
		07C780C92F7D6C3800C348DA /* AppIcon.icon */ = {isa = PBXFileReference; lastKnownFileType = folder.iconcomposer.icon; path = AppIcon.icon; sourceTree = "<group>"; };
/* End PBXFileReference section */

/* Begin PBXFileSystemSynchronizedRootGroup section */
		07C780412F7D4E7B00C348DA /* CCMissionControl */ = {
			isa = PBXFileSystemSynchronizedRootGroup;
			path = CCMissionControl;
			sourceTree = "<group>";
		};
		07C7804F2F7D4E7C00C348DA /* CCMissionControlTests */ = {
			isa = PBXFileSystemSynchronizedRootGroup;
			path = CCMissionControlTests;
			sourceTree = "<group>";
		};
/* End PBXFileSystemSynchronizedRootGroup section */

/* Begin PBXFrameworksBuildPhase section */
		07C7803C2F7D4E7B00C348DA /* Frameworks */ = {
			isa = PBXFrameworksBuildPhase;
			buildActionMask = 2147483647;
			files = (
				07C250092F85E8B4006E42A8 /* Milepost in Frameworks */,
			);
			runOnlyForDeploymentPostprocessing = 0;
		};
		07C780492F7D4E7C00C348DA /* Frameworks */ = {
			isa = PBXFrameworksBuildPhase;
			buildActionMask = 2147483647;
			files = (
			);
			runOnlyForDeploymentPostprocessing = 0;
		};
/* End PBXFrameworksBuildPhase section */

/* Begin PBXGroup section */
		07C780362F7D4E7B00C348DA = {
			isa = PBXGroup;
			children = (
				07C780412F7D4E7B00C348DA /* CCMissionControl */,
				07C7804F2F7D4E7C00C348DA /* CCMissionControlTests */,
				07C780402F7D4E7B00C348DA /* Products */,
				07C780C92F7D6C3800C348DA /* AppIcon.icon */,
			);
			sourceTree = "<group>";
		};
		07C780402F7D4E7B00C348DA /* Products */ = {
			isa = PBXGroup;
			children = (
				07C7803F2F7D4E7B00C348DA /* CCMissionControl.app */,
				07C7804C2F7D4E7C00C348DA /* CCMissionControlTests.xctest */,
			);
			name = Products;
			sourceTree = "<group>";
		};
/* End PBXGroup section */

/* Begin PBXNativeTarget section */
		07C7803E2F7D4E7B00C348DA /* CCMissionControl */ = {
			isa = PBXNativeTarget;
			buildConfigurationList = 07C780602F7D4E7C00C348DA /* Build configuration list for PBXNativeTarget "CCMissionControl" */;
			buildPhases = (
				07C7803B2F7D4E7B00C348DA /* Sources */,
				07C7803C2F7D4E7B00C348DA /* Frameworks */,
				07C7803D2F7D4E7B00C348DA /* Resources */,
			);
			buildRules = (
			);
			dependencies = (
				07C250302F85E8DC006E42A8 /* PBXTargetDependency */,
			);
			fileSystemSynchronizedGroups = (
				07C780412F7D4E7B00C348DA /* CCMissionControl */,
			);
			name = CCMissionControl;
			packageProductDependencies = (
				11F9E9A24E683CA8FA779714 /* Milepost */,
			);
			productName = CCMissionControl;
			productReference = 07C7803F2F7D4E7B00C348DA /* CCMissionControl.app */;
			productType = "com.apple.product-type.application";
		};
		07C7804B2F7D4E7C00C348DA /* CCMissionControlTests */ = {
			isa = PBXNativeTarget;
			buildConfigurationList = 07C780632F7D4E7C00C348DA /* Build configuration list for PBXNativeTarget "CCMissionControlTests" */;
			buildPhases = (
				07C780482F7D4E7C00C348DA /* Sources */,
				07C780492F7D4E7C00C348DA /* Frameworks */,
				07C7804A2F7D4E7C00C348DA /* Resources */,
			);
			buildRules = (
			);
			dependencies = (
				07C7804E2F7D4E7C00C348DA /* PBXTargetDependency */,
			);
			fileSystemSynchronizedGroups = (
				07C7804F2F7D4E7C00C348DA /* CCMissionControlTests */,
			);
			name = CCMissionControlTests;
			packageProductDependencies = (
			);
			productName = CCMissionControlTests;
			productReference = 07C7804C2F7D4E7C00C348DA /* CCMissionControlTests.xctest */;
			productType = "com.apple.product-type.bundle.unit-test";
		};
/* End PBXNativeTarget section */

/* Begin PBXProject section */
		07C780372F7D4E7B00C348DA /* Project object */ = {
			isa = PBXProject;
			attributes = {
				BuildIndependentTargetsInParallel = 1;
				LastSwiftUpdateCheck = 2640;
				LastUpgradeCheck = 2640;
				TargetAttributes = {
					07C7803E2F7D4E7B00C348DA = {
						CreatedOnToolsVersion = 26.4;
					};
					07C7804B2F7D4E7C00C348DA = {
						CreatedOnToolsVersion = 26.4;
						TestTargetID = 07C7803E2F7D4E7B00C348DA;
					};
				};
			};
			buildConfigurationList = 07C7803A2F7D4E7B00C348DA /* Build configuration list for PBXProject "CCMissionControl" */;
			developmentRegion = en;
			hasScannedForEncodings = 0;
			knownRegions = (
				en,
				Base,
			);
			mainGroup = 07C780362F7D4E7B00C348DA;
			minimizedProjectReferenceProxies = 1;
			packageReferences = (
				915AFFAE188BB58BFD75BB63 /* XCRemoteSwiftPackageReference "Milepost" */,
			);
			preferredProjectObjectVersion = 77;
			productRefGroup = 07C780402F7D4E7B00C348DA /* Products */;
			projectDirPath = "";
			projectRoot = "";
			targets = (
				07C7803E2F7D4E7B00C348DA /* CCMissionControl */,
				07C7804B2F7D4E7C00C348DA /* CCMissionControlTests */,
			);
		};
/* End PBXProject section */

/* Begin PBXResourcesBuildPhase section */
		07C7803D2F7D4E7B00C348DA /* Resources */ = {
			isa = PBXResourcesBuildPhase;
			buildActionMask = 2147483647;
			files = (
				07C780CA2F7D6C3800C348DA /* AppIcon.icon in Resources */,
			);
			runOnlyForDeploymentPostprocessing = 0;
		};
		07C7804A2F7D4E7C00C348DA /* Resources */ = {
			isa = PBXResourcesBuildPhase;
			buildActionMask = 2147483647;
			files = (
			);
			runOnlyForDeploymentPostprocessing = 0;
		};
/* End PBXResourcesBuildPhase section */

/* Begin PBXSourcesBuildPhase section */
		07C7803B2F7D4E7B00C348DA /* Sources */ = {
			isa = PBXSourcesBuildPhase;
			buildActionMask = 2147483647;
			files = (
			);
			runOnlyForDeploymentPostprocessing = 0;
		};
		07C780482F7D4E7C00C348DA /* Sources */ = {
			isa = PBXSourcesBuildPhase;
			buildActionMask = 2147483647;
			files = (
			);
			runOnlyForDeploymentPostprocessing = 0;
		};
/* End PBXSourcesBuildPhase section */

/* Begin PBXTargetDependency section */
		07C250302F85E8DC006E42A8 /* PBXTargetDependency */ = {
			isa = PBXTargetDependency;
			productRef = 07C2502F2F85E8DC006E42A8 /* PrepareMilepost */;
		};
		07C7804E2F7D4E7C00C348DA /* PBXTargetDependency */ = {
			isa = PBXTargetDependency;
			target = 07C7803E2F7D4E7B00C348DA /* CCMissionControl */;
			targetProxy = 07C7804D2F7D4E7C00C348DA /* PBXContainerItemProxy */;
		};
/* End PBXTargetDependency section */

/* Begin XCBuildConfiguration section */
		07C7805E2F7D4E7C00C348DA /* Debug */ = {
			isa = XCBuildConfiguration;
			buildSettings = {
				ALWAYS_SEARCH_USER_PATHS = NO;
				ASSETCATALOG_COMPILER_GENERATE_SWIFT_ASSET_SYMBOL_EXTENSIONS = YES;
				CLANG_ANALYZER_NONNULL = YES;
				CLANG_ANALYZER_NUMBER_OBJECT_CONVERSION = YES_AGGRESSIVE;
				CLANG_CXX_LANGUAGE_STANDARD = "gnu++20";
				CLANG_ENABLE_MODULES = YES;
				CLANG_ENABLE_OBJC_ARC = YES;
				CLANG_ENABLE_OBJC_WEAK = YES;
				CLANG_WARN_BLOCK_CAPTURE_AUTORELEASING = YES;
				CLANG_WARN_BOOL_CONVERSION = YES;
				CLANG_WARN_COMMA = YES;
				CLANG_WARN_CONSTANT_CONVERSION = YES;
				CLANG_WARN_DEPRECATED_OBJC_IMPLEMENTATIONS = YES;
				CLANG_WARN_DIRECT_OBJC_ISA_USAGE = YES_ERROR;
				CLANG_WARN_DOCUMENTATION_COMMENTS = YES;
				CLANG_WARN_EMPTY_BODY = YES;
				CLANG_WARN_ENUM_CONVERSION = YES;
				CLANG_WARN_INFINITE_RECURSION = YES;
				CLANG_WARN_INT_CONVERSION = YES;
				CLANG_WARN_NON_LITERAL_NULL_CONVERSION = YES;
				CLANG_WARN_OBJC_IMPLICIT_RETAIN_SELF = YES;
				CLANG_WARN_OBJC_LITERAL_CONVERSION = YES;
				CLANG_WARN_OBJC_ROOT_CLASS = YES_ERROR;
				CLANG_WARN_QUOTED_INCLUDE_IN_FRAMEWORK_HEADER = YES;
				CLANG_WARN_RANGE_LOOP_ANALYSIS = YES;
				CLANG_WARN_STRICT_PROTOTYPES = YES;
				CLANG_WARN_SUSPICIOUS_MOVE = YES;
				CLANG_WARN_UNGUARDED_AVAILABILITY = YES_AGGRESSIVE;
				CLANG_WARN_UNREACHABLE_CODE = YES;
				CLANG_WARN__DUPLICATE_METHOD_MATCH = YES;
				COPY_PHASE_STRIP = NO;
				DEBUG_INFORMATION_FORMAT = dwarf;
				DEVELOPMENT_TEAM = 2AWR7Z4WYE;
				ENABLE_STRICT_OBJC_MSGSEND = YES;
				ENABLE_TESTABILITY = YES;
				ENABLE_USER_SCRIPT_SANDBOXING = YES;
				GCC_C_LANGUAGE_STANDARD = gnu17;
				GCC_DYNAMIC_NO_PIC = NO;
				GCC_NO_COMMON_BLOCKS = YES;
				GCC_OPTIMIZATION_LEVEL = 0;
				GCC_PREPROCESSOR_DEFINITIONS = (
					"DEBUG=1",
					"$(inherited)",
				);
				GCC_WARN_64_TO_32_BIT_CONVERSION = YES;
				GCC_WARN_ABOUT_RETURN_TYPE = YES_ERROR;
				GCC_WARN_UNDECLARED_SELECTOR = YES;
				GCC_WARN_UNINITIALIZED_AUTOS = YES_AGGRESSIVE;
				GCC_WARN_UNUSED_FUNCTION = YES;
				GCC_WARN_UNUSED_VARIABLE = YES;
				LOCALIZATION_PREFERS_STRING_CATALOGS = YES;
				MACOSX_DEPLOYMENT_TARGET = 26.0;
				MTL_ENABLE_DEBUG_INFO = INCLUDE_SOURCE;
				MTL_FAST_MATH = YES;
				ONLY_ACTIVE_ARCH = YES;
				SDKROOT = macosx;
				SWIFT_ACTIVE_COMPILATION_CONDITIONS = "DEBUG $(inherited)";
				SWIFT_OPTIMIZATION_LEVEL = "-Onone";
			};
			name = Debug;
		};
		07C7805F2F7D4E7C00C348DA /* Release */ = {
			isa = XCBuildConfiguration;
			buildSettings = {
				ALWAYS_SEARCH_USER_PATHS = NO;
				ASSETCATALOG_COMPILER_GENERATE_SWIFT_ASSET_SYMBOL_EXTENSIONS = YES;
				CLANG_ANALYZER_NONNULL = YES;
				CLANG_ANALYZER_NUMBER_OBJECT_CONVERSION = YES_AGGRESSIVE;
				CLANG_CXX_LANGUAGE_STANDARD = "gnu++20";
				CLANG_ENABLE_MODULES = YES;
				CLANG_ENABLE_OBJC_ARC = YES;
				CLANG_ENABLE_OBJC_WEAK = YES;
				CLANG_WARN_BLOCK_CAPTURE_AUTORELEASING = YES;
				CLANG_WARN_BOOL_CONVERSION = YES;
				CLANG_WARN_COMMA = YES;
				CLANG_WARN_CONSTANT_CONVERSION = YES;
				CLANG_WARN_DEPRECATED_OBJC_IMPLEMENTATIONS = YES;
				CLANG_WARN_DIRECT_OBJC_ISA_USAGE = YES_ERROR;
				CLANG_WARN_DOCUMENTATION_COMMENTS = YES;
				CLANG_WARN_EMPTY_BODY = YES;
				CLANG_WARN_ENUM_CONVERSION = YES;
				CLANG_WARN_INFINITE_RECURSION = YES;
				CLANG_WARN_INT_CONVERSION = YES;
				CLANG_WARN_NON_LITERAL_NULL_CONVERSION = YES;
				CLANG_WARN_OBJC_IMPLICIT_RETAIN_SELF = YES;
				CLANG_WARN_OBJC_LITERAL_CONVERSION = YES;
				CLANG_WARN_OBJC_ROOT_CLASS = YES_ERROR;
				CLANG_WARN_QUOTED_INCLUDE_IN_FRAMEWORK_HEADER = YES;
				CLANG_WARN_RANGE_LOOP_ANALYSIS = YES;
				CLANG_WARN_STRICT_PROTOTYPES = YES;
				CLANG_WARN_SUSPICIOUS_MOVE = YES;
				CLANG_WARN_UNGUARDED_AVAILABILITY = YES_AGGRESSIVE;
				CLANG_WARN_UNREACHABLE_CODE = YES;
				CLANG_WARN__DUPLICATE_METHOD_MATCH = YES;
				COPY_PHASE_STRIP = NO;
				DEBUG_INFORMATION_FORMAT = "dwarf-with-dsym";
				DEVELOPMENT_TEAM = 2AWR7Z4WYE;
				ENABLE_NS_ASSERTIONS = NO;
				ENABLE_STRICT_OBJC_MSGSEND = YES;
				ENABLE_USER_SCRIPT_SANDBOXING = YES;
				GCC_C_LANGUAGE_STANDARD = gnu17;
				GCC_NO_COMMON_BLOCKS = YES;
				GCC_WARN_64_TO_32_BIT_CONVERSION = YES;
				GCC_WARN_ABOUT_RETURN_TYPE = YES_ERROR;
				GCC_WARN_UNDECLARED_SELECTOR = YES;
				GCC_WARN_UNINITIALIZED_AUTOS = YES_AGGRESSIVE;
				GCC_WARN_UNUSED_FUNCTION = YES;
				GCC_WARN_UNUSED_VARIABLE = YES;
				LOCALIZATION_PREFERS_STRING_CATALOGS = YES;
				MACOSX_DEPLOYMENT_TARGET = 26.0;
				MTL_ENABLE_DEBUG_INFO = NO;
				MTL_FAST_MATH = YES;
				SDKROOT = macosx;
				SWIFT_COMPILATION_MODE = wholemodule;
			};
			name = Release;
		};
		07C780612F7D4E7C00C348DA /* Debug */ = {
			isa = XCBuildConfiguration;
			buildSettings = {
				APP_INTENTS_METADATA_EXTRACTION_ENABLED = NO;
				ASSETCATALOG_COMPILER_APPICON_NAME = AppIcon;
				ASSETCATALOG_COMPILER_GLOBAL_ACCENT_COLOR_NAME = AccentColor;
				CODE_SIGN_STYLE = Automatic;
				COMBINE_HIDPI_IMAGES = YES;
				CURRENT_PROJECT_VERSION = 1;
				DEVELOPMENT_TEAM = 2AWR7Z4WYE;
				ENABLE_APP_SANDBOX = NO;
				ENABLE_HARDENED_RUNTIME = YES;
				ENABLE_PREVIEWS = YES;
				ENABLE_USER_SELECTED_FILES = readonly;
				GENERATE_INFOPLIST_FILE = YES;
				INFOPLIST_KEY_LSUIElement = YES;
				INFOPLIST_KEY_NSHumanReadableCopyright = "";
				LD_RUNPATH_SEARCH_PATHS = (
					"$(inherited)",
					"@executable_path/../Frameworks",
				);
				MARKETING_VERSION = 0.2.0;
				PRODUCT_BUNDLE_IDENTIFIER = org.giginet.CCMissionControl;
				PRODUCT_NAME = "$(TARGET_NAME)";
				REGISTER_APP_GROUPS = YES;
				STRING_CATALOG_GENERATE_SYMBOLS = YES;
				SWIFT_APPROACHABLE_CONCURRENCY = YES;
				SWIFT_DEFAULT_ACTOR_ISOLATION = MainActor;
				SWIFT_EMIT_LOC_STRINGS = YES;
				SWIFT_UPCOMING_FEATURE_MEMBER_IMPORT_VISIBILITY = YES;
				SWIFT_VERSION = 5.0;
			};
			name = Debug;
		};
		07C780622F7D4E7C00C348DA /* Release */ = {
			isa = XCBuildConfiguration;
			buildSettings = {
				APP_INTENTS_METADATA_EXTRACTION_ENABLED = NO;
				ASSETCATALOG_COMPILER_APPICON_NAME = AppIcon;
				ASSETCATALOG_COMPILER_GLOBAL_ACCENT_COLOR_NAME = AccentColor;
				CODE_SIGN_STYLE = Automatic;
				COMBINE_HIDPI_IMAGES = YES;
				CURRENT_PROJECT_VERSION = 1;
				DEVELOPMENT_TEAM = 2AWR7Z4WYE;
				ENABLE_APP_SANDBOX = NO;
				ENABLE_HARDENED_RUNTIME = YES;
				ENABLE_PREVIEWS = YES;
				ENABLE_USER_SELECTED_FILES = readonly;
				GENERATE_INFOPLIST_FILE = YES;
				INFOPLIST_KEY_LSUIElement = YES;
				INFOPLIST_KEY_NSHumanReadableCopyright = "";
				LD_RUNPATH_SEARCH_PATHS = (
					"$(inherited)",
					"@executable_path/../Frameworks",
				);
				MARKETING_VERSION = 0.2.0;
				PRODUCT_BUNDLE_IDENTIFIER = org.giginet.CCMissionControl;
				PRODUCT_NAME = "$(TARGET_NAME)";
				REGISTER_APP_GROUPS = YES;
				STRING_CATALOG_GENERATE_SYMBOLS = YES;
				SWIFT_APPROACHABLE_CONCURRENCY = YES;
				SWIFT_DEFAULT_ACTOR_ISOLATION = MainActor;
				SWIFT_EMIT_LOC_STRINGS = YES;
				SWIFT_UPCOMING_FEATURE_MEMBER_IMPORT_VISIBILITY = YES;
				SWIFT_VERSION = 5.0;
			};
			name = Release;
		};
		07C780642F7D4E7C00C348DA /* Debug */ = {
			isa = XCBuildConfiguration;
			buildSettings = {
				BUNDLE_LOADER = "$(TEST_HOST)";
				CODE_SIGN_STYLE = Automatic;
				CURRENT_PROJECT_VERSION = 1;
				DEVELOPMENT_TEAM = 2AWR7Z4WYE;
				GENERATE_INFOPLIST_FILE = YES;
				MACOSX_DEPLOYMENT_TARGET = 26.0;
				MARKETING_VERSION = 0.2.0;
				PRODUCT_BUNDLE_IDENTIFIER = org.giginet.CCMissionControlTests;
				PRODUCT_NAME = "$(TARGET_NAME)";
				STRING_CATALOG_GENERATE_SYMBOLS = NO;
				SWIFT_APPROACHABLE_CONCURRENCY = YES;
				SWIFT_EMIT_LOC_STRINGS = NO;
				SWIFT_UPCOMING_FEATURE_MEMBER_IMPORT_VISIBILITY = YES;
				SWIFT_VERSION = 5.0;
				TEST_HOST = "$(BUILT_PRODUCTS_DIR)/CCMissionControl.app/$(BUNDLE_EXECUTABLE_FOLDER_PATH)/CCMissionControl";
			};
			name = Debug;
		};
		07C780652F7D4E7C00C348DA /* Release */ = {
			isa = XCBuildConfiguration;
			buildSettings = {
				BUNDLE_LOADER = "$(TEST_HOST)";
				CODE_SIGN_STYLE = Automatic;
				CURRENT_PROJECT_VERSION = 1;
				DEVELOPMENT_TEAM = 2AWR7Z4WYE;
				GENERATE_INFOPLIST_FILE = YES;
				MACOSX_DEPLOYMENT_TARGET = 26.0;
				MARKETING_VERSION = 0.2.0;
				PRODUCT_BUNDLE_IDENTIFIER = org.giginet.CCMissionControlTests;
				PRODUCT_NAME = "$(TARGET_NAME)";
				STRING_CATALOG_GENERATE_SYMBOLS = NO;
				SWIFT_APPROACHABLE_CONCURRENCY = YES;
				SWIFT_EMIT_LOC_STRINGS = NO;
				SWIFT_UPCOMING_FEATURE_MEMBER_IMPORT_VISIBILITY = YES;
				SWIFT_VERSION = 5.0;
				TEST_HOST = "$(BUILT_PRODUCTS_DIR)/CCMissionControl.app/$(BUNDLE_EXECUTABLE_FOLDER_PATH)/CCMissionControl";
			};
			name = Release;
		};
/* End XCBuildConfiguration section */

/* Begin XCConfigurationList section */
		07C7803A2F7D4E7B00C348DA /* Build configuration list for PBXProject "CCMissionControl" */ = {
			isa = XCConfigurationList;
			buildConfigurations = (
				07C7805E2F7D4E7C00C348DA /* Debug */,
				07C7805F2F7D4E7C00C348DA /* Release */,
			);
			defaultConfigurationIsVisible = 0;
			defaultConfigurationName = Release;
		};
		07C780602F7D4E7C00C348DA /* Build configuration list for PBXNativeTarget "CCMissionControl" */ = {
			isa = XCConfigurationList;
			buildConfigurations = (
				07C780612F7D4E7C00C348DA /* Debug */,
				07C780622F7D4E7C00C348DA /* Release */,
			);
			defaultConfigurationIsVisible = 0;
			defaultConfigurationName = Release;
		};
		07C780632F7D4E7C00C348DA /* Build configuration list for PBXNativeTarget "CCMissionControlTests" */ = {
			isa = XCConfigurationList;
			buildConfigurations = (
				07C780642F7D4E7C00C348DA /* Debug */,
				07C780652F7D4E7C00C348DA /* Release */,
			);
			defaultConfigurationIsVisible = 0;
			defaultConfigurationName = Release;
		};
/* End XCConfigurationList section */

/* Begin XCRemoteSwiftPackageReference section */
		915AFFAE188BB58BFD75BB63 /* XCRemoteSwiftPackageReference "Milepost" */ = {
			isa = XCRemoteSwiftPackageReference;
			repositoryURL = "https://github.com/giginet/Milepost.git";
			requirement = {
				kind = upToNextMajorVersion;
				minimumVersion = 1.0.0;
			};
		};
/* End XCRemoteSwiftPackageReference section */

/* Begin XCSwiftPackageProductDependency section */
		07C2502F2F85E8DC006E42A8 /* PrepareMilepost */ = {
			isa = XCSwiftPackageProductDependency;
			package = 915AFFAE188BB58BFD75BB63 /* XCRemoteSwiftPackageReference "Milepost" */;
			productName = "plugin:PrepareMilepost";
		};
		11F9E9A24E683CA8FA779714 /* Milepost */ = {
			isa = XCSwiftPackageProductDependency;
			package = 915AFFAE188BB58BFD75BB63 /* XCRemoteSwiftPackageReference "Milepost" */;
			productName = Milepost;
		};
/* End XCSwiftPackageProductDependency section */
	};
	rootObject = 07C780372F7D4E7B00C348DA /* Project object */;
}
